{
  "name": "naturalearth-vector",
  "version": "1.0.0",
  "lockfileVersion": 3,
  "requires": true,
  "packages": {
    "": {
      "dependencies": {
        "@turf/area": "^7.2.0",
        "undici": "^7.16.0"
      }
    },
    "node_modules/@turf/area": {
      "version": "7.2.0",
      "resolved": "https://registry.npmjs.org/@turf/area/-/area-7.2.0.tgz",
      "integrity": "sha512-zuTTdQ4eoTI9nSSjerIy4QwgvxqwJVciQJ8tOPuMHbXJ9N/dNjI7bU8tasjhxas/Cx3NE9NxVHtNpYHL0FSzoA==",
      "dependencies": {
        "@turf/helpers": "^7.2.0",
        "@turf/meta": "^7.2.0",
        "@types/geojson": "^7946.0.10",
        "tslib": "^2.8.1"
      },
      "funding": {
        "url": "https://opencollective.com/turf"
      }
    },
    "node_modules/@turf/helpers": {
      "version": "7.2.0",
      "resolved": "https://registry.npmjs.org/@turf/helpers/-/helpers-7.2.0.tgz",
      "integrity": "sha512-cXo7bKNZoa7aC7ydLmUR02oB3IgDe7MxiPuRz3cCtYQHn+BJ6h1tihmamYDWWUlPHgSNF0i3ATc4WmDECZafKw==",
      "dependencies": {
        "@types/geojson": "^7946.0.10",
        "tslib": "^2.8.1"
      },
      "funding": {
        "url": "https://opencollective.com/turf"
      }
    },
    "node_modules/@turf/meta": {
      "version": "7.2.0",
      "resolved": "https://registry.npmjs.org/@turf/meta/-/meta-7.2.0.tgz",
      "integrity": "sha512-igzTdHsQc8TV1RhPuOLVo74Px/hyPrVgVOTgjWQZzt3J9BVseCdpfY/0cJBdlSRI4S/yTmmHl7gAqjhpYH5Yaw==",
      "dependencies": {
        "@turf/helpers": "^7.2.0",
        "@types/geojson": "^7946.0.10"
      },
      "funding": {
        "url": "https://opencollective.com/turf"
      }
    },
    "node_modules/@types/geojson": {
      "version": "7946.0.15",
      "resolved": "https://registry.npmjs.org/@types/geojson/-/geojson-7946.0.15.tgz",
      "integrity": "sha512-9oSxFzDCT2Rj6DfcHF8G++jxBKS7mBqXl5xrRW+Kbvjry6Uduya2iiwqHPhVXpasAVMBYKkEPGgKhd3+/HZ6xA=="
    },
    "node_modules/tslib": {
      "version": "2.8.1",
      "resolved": "https://registry.npmjs.org/tslib/-/tslib-2.8.1.tgz",
      "integrity": "sha512-oJFu94HQb+KVduSUQL7wnpmqnfmLsOA/nAh6b6EH0wCEoK0/mPeXU6c3wKDV83MkOuHPRHtSXKKU99IBazS/2w=="
    },
    "node_modules/undici": {
      "version": "7.16.0",
      "resolved": "https://registry.npmjs.org/undici/-/undici-7.16.0.tgz",
      "integrity": "sha512-QEg3HPMll0o3t2ourKwOeUAZ159Kn9mx5pnzHRQO8+Wixmh88YdZRiIwat0iNzNNXn0yoEtXJqFpyW7eM8BV7g==",
      "engines": {
        "node": ">=20.18.1"
      }
    }
  }
}
